{
    "_readme": [
        "This file locks the dependencies of your project to a known state",
        "Read more about it at https://getcomposer.org/doc/01-basic-usage.md#installing-dependencies",
        "This file is @generated automatically"
    ],
    "content-hash": "9dbffd847b12e70accf06423c9dc9244",
    "packages": [
        {
            "name": "php81_bc/strftime",
            "version": "0.7.5",
            "source": {
                "type": "git",
                "url": "https://github.com/alphp/strftime.git",
                "reference": "bb8a957858303b22db6f6cd9caac1d18031a4971"
            },
            "dist": {
                "type": "zip",
                "url": "https://api.github.com/repos/alphp/strftime/zipball/bb8a957858303b22db6f6cd9caac1d18031a4971",
                "reference": "bb8a957858303b22db6f6cd9caac1d18031a4971",
                "shasum": ""
            },
            "require": {
                "ext-intl": "*",
                "php": ">=7.1.0"
            },
            "require-dev": {
                "phpunit/phpunit": "@stable"
            },
            "type": "library",
            "autoload": {
                "files": [
                    "src/php-8.1-strftime.php"
                ]
            },
            "notification-url": "https://packagist.org/downloads/",
            "license": [
                "MIT"
            ],
            "authors": [
                {
                    "name": "Fernando Herrero",
                    "homepage": "https://github.com/alphp/strftime/graphs/contributors"
                }
            ],
            "description": "Locale-formatted strftime using IntlDateFormatter (PHP 8.1 compatible)",
            "support": {
                "issues": "https://github.com/alphp/strftime/issues",
                "source": "https://github.com/alphp/strftime"
            },
            "time": "2024-05-15T08:33:19+00:00"
        }
    ],
    "packages-dev": [],
    "aliases": [],
    "minimum-stability": "stable",
    "stability-flags": [],
    "prefer-stable": false,
    "prefer-lowest": false,
    "platform": [],
    "platform-dev": [],
    "plugin-api-version": "2.3.0"
}
